<?xml version="1.0" encoding="utf-8"?>
<Project ToolsVersion="4.0" xmlns="http://schemas.microsoft.com/developer/msbuild/2003">
  <ItemGroup>
    <Filter Include="Исходные файлы">
      <UniqueIdentifier>{4FC737F1-C7A5-4376-A066-2A32D752A2FF}</UniqueIdentifier>
      <Extensions>cpp;c;cc;cxx;c++;cppm;ixx;def;odl;idl;hpj;bat;asm;asmx</Extensions>
    </Filter>
    <Filter Include="Файлы заголовков">
      <UniqueIdentifier>{93995380-89BD-4b04-88EB-625FBE52EBFB}</UniqueIdentifier>
      <Extensions>h;hh;hpp;hxx;h++;hm;inl;inc;ipp;xsd</Extensions>
    </Filter>
    <Filter Include="Файлы ресурсов">
      <UniqueIdentifier>{67DA6AB6-F800-4c08-8B7A-83BB121AAD01}</UniqueIdentifier>
      <Extensions>rc;ico;cur;bmp;dlg;rc2;rct;bin;rgs;gif;jpg;jpeg;jpe;resx;tiff;tif;png;wav;mfcribbon-ms</Extensions>
    </Filter>
    <Filter Include="Исходные файлы\classes">
      <UniqueIdentifier>{80cb9237-149a-4bb4-9cb3-29854047f05d}</UniqueIdentifier>
    </Filter>
    <Filter Include="Исходные файлы\classes\passanger">
      <UniqueIdentifier>{53ca035a-d0a3-42c6-88fe-ebaf51ed5515}</UniqueIdentifier>
    </Filter>
    <Filter Include="Исходные файлы\classes\sql">
      <UniqueIdentifier>{3ab1614e-cb32-4164-8b98-7b599478a295}</UniqueIdentifier>
    </Filter>
    <Filter Include="Исходные файлы\classes\flight">
      <UniqueIdentifier>{07ac144c-47ad-4299-b67a-36f3843a8006}</UniqueIdentifier>
    </Filter>
    <Filter Include="Исходные файлы\classes\service">
      <UniqueIdentifier>{b9f4f597-28a0-4690-9558-45690bd6ebd9}</UniqueIdentifier>
    </Filter>
    <Filter Include="Исходные файлы\classes\status">
      <UniqueIdentifier>{04839601-aa42-4ae2-85dd-e3acd43c86a7}</UniqueIdentifier>
    </Filter>
    <Filter Include="Исходные файлы\tests">
      <UniqueIdentifier>{1892c955-d1fb-4127-a696-823278111216}</UniqueIdentifier>
    </Filter>
  </ItemGroup>
  <ItemGroup>
    <ClCompile Include="kyrsovaia.cpp">
      <Filter>Исходные файлы</Filter>
    </ClCompile>
    <ClCompile Include="PassengerFactory.cpp">
      <Filter>Исходные файлы\classes\passanger</Filter>
    </ClCompile>
    <ClCompile Include="DbConnector.cpp">
      <Filter>Исходные файлы\classes\sql</Filter>
    </ClCompile>
    <ClCompile Include="Flight.cpp">
      <Filter>Исходные файлы\classes\flight</Filter>
    </ClCompile>
    <ClCompile Include="Departing.cpp">
      <Filter>Исходные файлы\classes\passanger</Filter>
    </ClCompile>
    <ClCompile Include="Arriving.cpp">
      <Filter>Исходные файлы\classes\passanger</Filter>
    </ClCompile>
    <ClCompile Include="TestData.cpp">
      <Filter>Исходные файлы\classes\passanger</Filter>
    </ClCompile>
    <ClCompile Include="DepartingService.cpp">
      <Filter>Исходные файлы\classes\service</Filter>
    </ClCompile>
    <ClCompile Include="ArrivingService.cpp">
      <Filter>Исходные файлы\classes\service</Filter>
    </ClCompile>
    <ClCompile Include="Status.cpp">
      <Filter>Исходные файлы\classes\status</Filter>
    </ClCompile>
    <ClCompile Include="TestBd.cpp">
      <Filter>Исходные файлы\tests</Filter>
    </ClCompile>
    <ClCompile Include="TetsFlight.cpp">
      <Filter>Исходные файлы\tests</Filter>
    </ClCompile>
  </ItemGroup>
  <ItemGroup>
    <ClInclude Include="Passenger.h">
      <Filter>Файлы заголовков</Filter>
    </ClInclude>
    <ClInclude Include="DbConnector.h">
      <Filter>Файлы заголовков</Filter>
    </ClInclude>
    <ClInclude Include="Flight.h">
      <Filter>Файлы заголовков</Filter>
    </ClInclude>
    <ClInclude Include="Service.h">
      <Filter>Файлы заголовков</Filter>
    </ClInclude>
    <ClInclude Include="Status.h">
      <Filter>Файлы заголовков</Filter>
    </ClInclude>
  </ItemGroup>
  <ItemGroup>
    <None Include="packages.config" />
  </ItemGroup>
</Project>